{
  "nodes": {
    "home-manager": {
      "inputs": {
        "nixpkgs": [
          "nixpkgs"
        ]
      },
      "locked": {
        "lastModified": 1695550077,
        "narHash": "sha256-xoxR/iY69/3lTnnZDP6gf3J46DUKPcf+Y1jH03tfZXE=",
        "owner": "nix-community",
        "repo": "home-manager",
        "rev": "a88df2fb101778bfd98a17556b3a2618c6c66091",
        "type": "github"
      },
      "original": {
        "owner": "nix-community",
        "repo": "home-manager",
        "type": "github"
      }
    },
    "kmonad": {
      "inputs": {
        "nixpkgs": "nixpkgs"
      },
      "locked": {
        "dir": "nix",
        "lastModified": 1695227806,
        "narHash": "sha256-EcChzeEOh2oAZNgvR+kWCBpWomMopK2Zs+0+dvDUJh0=",
        "owner": "kmonad",
        "repo": "kmonad",
        "rev": "22da3354e6f629f9294c830d8558875d77b5cffc",
        "type": "github"
      },
      "original": {
        "dir": "nix",
        "owner": "kmonad",
        "repo": "kmonad",
        "type": "github"
      }
    },
    "nixpkgs": {
      "locked": {
        "lastModified": 1653326962,
        "narHash": "sha256-W8feCYqKTsMre4nAEpv5Kx1PVFC+hao/LwqtB2Wci/8=",
        "owner": "NixOS",
        "repo": "nixpkgs",
        "rev": "41cc1d5d9584103be4108c1815c350e07c807036",
        "type": "github"
      },
      "original": {
        "owner": "NixOS",
        "ref": "nixpkgs-unstable",
        "repo": "nixpkgs",
        "type": "github"
      }
    },
    "nixpkgs_2": {
      "locked": {
        "lastModified": 1695360818,
        "narHash": "sha256-JlkN3R/SSoMTa+CasbxS1gq+GpGxXQlNZRUh9+LIy/0=",
        "owner": "nixos",
        "repo": "nixpkgs",
        "rev": "e35dcc04a3853da485a396bdd332217d0ac9054f",
        "type": "github"
      },
      "original": {
        "owner": "nixos",
        "ref": "nixos-unstable",
        "repo": "nixpkgs",
        "type": "github"
      }
    },
    "root": {
      "inputs": {
        "home-manager": "home-manager",
        "kmonad": "kmonad",
        "nixpkgs": "nixpkgs_2",
        "transparent-nvim": "transparent-nvim"
      }
    },
    "transparent-nvim": {
      "flake": false,
      "locked": {
        "lastModified": 1693733176,
        "narHash": "sha256-1JyfwHBCtNCPmsOLzJRWBtg1u9uApQZY4fn2mTL3NZ4=",
        "owner": "xiyaowong",
        "repo": "transparent.nvim",
        "rev": "3af6232c8d39d51062702e875ff6407c1eeb0391",
        "type": "github"
      },
      "original": {
        "owner": "xiyaowong",
        "repo": "transparent.nvim",
        "type": "github"
      }
    }
  },
  "root": "root",
  "version": 7
}
